
Microsoft Visual Studio Solution File, Format Version 12.00
# Visual Studio Version 16
VisualStudioVersion = 16.0.29230.47
MinimumVisualStudioVersion = 10.0.40219.1
Project("{FAE04EC0-301F-11D3-BF4B-00C04F79EFBC}") = "RailRoadsINC", "RailRoadsINC\RailRoadsINC.csproj", "{B35D4ACE-8B95-44A2-BFAC-508AE3942766}"
EndProject
Global
	GlobalSection(SolutionConfigurationPlatforms) = preSolution
		Debug|Any CPU = Debug|Any CPU
		Release|Any CPU = Release|Any CPU
	EndGlobalSection
	GlobalSection(ProjectConfigurationPlatforms) = postSolution
		{B35D4ACE-8B95-44A2-BFAC-508AE3942766}.Debug|Any CPU.ActiveCfg = Debug|Any CPU
		{B35D4ACE-8B95-44A2-BFAC-508AE3942766}.Debug|Any CPU.Build.0 = Debug|Any CPU
		{B35D4ACE-8B95-44A2-BFAC-508AE3942766}.Release|Any CPU.ActiveCfg = Release|Any CPU
		{B35D4ACE-8B95-44A2-BFAC-508AE3942766}.Release|Any CPU.Build.0 = Release|Any CPU
	EndGlobalSection
	GlobalSection(SolutionProperties) = preSolution
		HideSolutionNode = FALSE
	EndGlobalSection
	GlobalSection(ExtensibilityGlobals) = postSolution
		SolutionGuid = {EA9C48E6-B455-44CF-B463-A93B887B9405}
	EndGlobalSection
EndGlobal
